
Microsoft Visual Studio Solution File, Format Version 12.00
# Visual Studio Version 17
VisualStudioVersion = 17.14.36915.13 d17.14
MinimumVisualStudioVersion = 10.0.40219.1
Project("{FAE04EC0-301F-11D3-BF4B-00C04F79EFBC}") = "Bai6_Tuan6_LTW", "Bai6_Tuan6_LTW\Bai6_Tuan6_LTW.csproj", "{86FCE7BE-9F9D-4356-9958-85B1E5C0FD51}"
EndProject
Global
	GlobalSection(SolutionConfigurationPlatforms) = preSolution
		Debug|Any CPU = Debug|Any CPU
		Release|Any CPU = Release|Any CPU
	EndGlobalSection
	GlobalSection(ProjectConfigurationPlatforms) = postSolution
		{86FCE7BE-9F9D-4356-9958-85B1E5C0FD51}.Debug|Any CPU.ActiveCfg = Debug|Any CPU
		{86FCE7BE-9F9D-4356-9958-85B1E5C0FD51}.Debug|Any CPU.Build.0 = Debug|Any CPU
		{86FCE7BE-9F9D-4356-9958-85B1E5C0FD51}.Release|Any CPU.ActiveCfg = Release|Any CPU
		{86FCE7BE-9F9D-4356-9958-85B1E5C0FD51}.Release|Any CPU.Build.0 = Release|Any CPU
	EndGlobalSection
	GlobalSection(SolutionProperties) = preSolution
		HideSolutionNode = FALSE
	EndGlobalSection
	GlobalSection(ExtensibilityGlobals) = postSolution
		SolutionGuid = {BD320952-FC04-497C-8622-5C594C6530F3}
	EndGlobalSection
EndGlobal
